Microsoft Visual Studio Solution File, Format Version 12.00
# Visual Studio Version 17
VisualStudioVersion = 17.11.35312.102
MinimumVisualStudioVersion = 10.0.40219.1
Project("{FAE04EC0-301F-11D3-BF4B-00C04F79EFBC}") = "Aspir8.AppHost", "Aspir8.AppHost\Aspir8.AppHost.csproj", "{0680D364-97CB-4ED8-A2DE-2CE95AB7D91A}"
EndProject
Project("{9A19103F-16F7-4668-BE54-9A1E7A4F7556}") = "Aspir8.ServiceDefaults", "Aspir8.ServiceDefaults\Aspir8.ServiceDefaults.csproj", "{640A217F-77EF-46E2-9474-14CA30E8DCCA}"
EndProject
Project("{9A19103F-16F7-4668-BE54-9A1E7A4F7556}") = "Aspir8.ApiService", "Aspir8.ApiService\Aspir8.ApiService.csproj", "{39531325-8534-445E-BE63-CD09129F7A89}"
EndProject
Project("{9A19103F-16F7-4668-BE54-9A1E7A4F7556}") = "Aspir8.Web", "Aspir8.Web\Aspir8.Web.csproj", "{C24614CC-E6D9-4D1F-9AA7-E1B3446C8AC5}"
EndProject
Global
	GlobalSection(SolutionConfigurationPlatforms) = preSolution
		Debug|Any CPU = Debug|Any CPU
		Release|Any CPU = Release|Any CPU
	EndGlobalSection
	GlobalSection(ProjectConfigurationPlatforms) = postSolution
		{0680D364-97CB-4ED8-A2DE-2CE95AB7D91A}.Debug|Any CPU.ActiveCfg = Debug|Any CPU
		{0680D364-97CB-4ED8-A2DE-2CE95AB7D91A}.Debug|Any CPU.Build.0 = Debug|Any CPU
		{0680D364-97CB-4ED8-A2DE-2CE95AB7D91A}.Release|Any CPU.ActiveCfg = Release|Any CPU
		{0680D364-97CB-4ED8-A2DE-2CE95AB7D91A}.Release|Any CPU.Build.0 = Release|Any CPU
		{640A217F-77EF-46E2-9474-14CA30E8DCCA}.Debug|Any CPU.ActiveCfg = Debug|Any CPU
		{640A217F-77EF-46E2-9474-14CA30E8DCCA}.Debug|Any CPU.Build.0 = Debug|Any CPU
		{640A217F-77EF-46E2-9474-14CA30E8DCCA}.Release|Any CPU.ActiveCfg = Release|Any CPU
		{640A217F-77EF-46E2-9474-14CA30E8DCCA}.Release|Any CPU.Build.0 = Release|Any CPU
		{39531325-8534-445E-BE63-CD09129F7A89}.Debug|Any CPU.ActiveCfg = Debug|Any CPU
		{39531325-8534-445E-BE63-CD09129F7A89}.Debug|Any CPU.Build.0 = Debug|Any CPU
		{39531325-8534-445E-BE63-CD09129F7A89}.Release|Any CPU.ActiveCfg = Release|Any CPU
		{39531325-8534-445E-BE63-CD09129F7A89}.Release|Any CPU.Build.0 = Release|Any CPU
		{C24614CC-E6D9-4D1F-9AA7-E1B3446C8AC5}.Debug|Any CPU.ActiveCfg = Debug|Any CPU
		{C24614CC-E6D9-4D1F-9AA7-E1B3446C8AC5}.Debug|Any CPU.Build.0 = Debug|Any CPU
		{C24614CC-E6D9-4D1F-9AA7-E1B3446C8AC5}.Release|Any CPU.ActiveCfg = Release|Any CPU
		{C24614CC-E6D9-4D1F-9AA7-E1B3446C8AC5}.Release|Any CPU.Build.0 = Release|Any CPU
	EndGlobalSection
	GlobalSection(SolutionProperties) = preSolution
		HideSolutionNode = FALSE
	EndGlobalSection
	GlobalSection(ExtensibilityGlobals) = postSolution
		SolutionGuid = {52048B0B-B1B6-4C84-8597-BD5438CD050A}
	EndGlobalSection
EndGlobal
